// !$*UTF8*$!
{
	archiveVersion = 1;
	classes = {
	};
	objectVersion = 51;
	objects = {

/* Begin PBXBuildFile section */
		3167285424856A8300BDCF44 /* AppDelegate.swift in Sources */ = {isa = PBXBuildFile; fileRef = 3167285324856A8300BDCF44 /* AppDelegate.swift */; };
		3167285624856A8300BDCF44 /* SceneDelegate.swift in Sources */ = {isa = PBXBuildFile; fileRef = 3167285524856A8300BDCF44 /* SceneDelegate.swift */; };
		3167285824856A8300BDCF44 /* ViewController.swift in Sources */ = {isa = PBXBuildFile; fileRef = 3167285724856A8300BDCF44 /* ViewController.swift */; };
		3167285B24856A8300BDCF44 /* Main.storyboard in Resources */ = {isa = PBXBuildFile; fileRef = 3167285924856A8300BDCF44 /* Main.storyboard */; };
		3167285E24856A8300BDCF44 /* VideoPlayerTest.xcdatamodeld in Sources */ = {isa = PBXBuildFile; fileRef = 3167285C24856A8300BDCF44 /* VideoPlayerTest.xcdatamodeld */; };
		3167286024856A8900BDCF44 /* Assets.xcassets in Resources */ = {isa = PBXBuildFile; fileRef = 3167285F24856A8900BDCF44 /* Assets.xcassets */; };
		3167286324856A8900BDCF44 /* LaunchScreen.storyboard in Resources */ = {isa = PBXBuildFile; fileRef = 3167286124856A8900BDCF44 /* LaunchScreen.storyboard */; };
		3167286B24856CA100BDCF44 /* Videoplyer.swift in Sources */ = {isa = PBXBuildFile; fileRef = 3167286A24856CA100BDCF44 /* Videoplyer.swift */; };
		8402D8ABC70686CD118FA5C1 /* Pods_VideoPlayerTest.framework in Frameworks */ = {isa = PBXBuildFile; fileRef = 4B0E7C2047C7F76B5B51F05C /* Pods_VideoPlayerTest.framework */; };
/* End PBXBuildFile section */

/* Begin PBXFileReference section */
		3167285024856A8300BDCF44 /* VideoPlayerTest.app */ = {isa = PBXFileReference; explicitFileType = wrapper.application; includeInIndex = 0; path = VideoPlayerTest.app; sourceTree = BUILT_PRODUCTS_DIR; };
		3167285324856A8300BDCF44 /* AppDelegate.swift */ = {isa = PBXFileReference; lastKnownFileType = sourcecode.swift; path = AppDelegate.swift; sourceTree = "<group>"; };
		3167285524856A8300BDCF44 /* SceneDelegate.swift */ = {isa = PBXFileReference; lastKnownFileType = sourcecode.swift; path = SceneDelegate.swift; sourceTree = "<group>"; };
		3167285724856A8300BDCF44 /* ViewController.swift */ = {isa = PBXFileReference; lastKnownFileType = sourcecode.swift; path = ViewController.swift; sourceTree = "<group>"; };
		3167285A24856A8300BDCF44 /* Base */ = {isa = PBXFileReference; lastKnownFileType = file.storyboard; name = Base; path = Base.lproj/Main.storyboard; sourceTree = "<group>"; };
		3167285D24856A8300BDCF44 /* VideoPlayerTest.xcdatamodel */ = {isa = PBXFileReference; lastKnownFileType = wrapper.xcdatamodel; path = VideoPlayerTest.xcdatamodel; sourceTree = "<group>"; };
		3167285F24856A8900BDCF44 /* Assets.xcassets */ = {isa = PBXFileReference; lastKnownFileType = folder.assetcatalog; path = Assets.xcassets; sourceTree = "<group>"; };
		3167286224856A8900BDCF44 /* Base */ = {isa = PBXFileReference; lastKnownFileType = file.storyboard; name = Base; path = Base.lproj/LaunchScreen.storyboard; sourceTree = "<group>"; };
		3167286424856A8900BDCF44 /* Info.plist */ = {isa = PBXFileReference; lastKnownFileType = text.plist.xml; path = Info.plist; sourceTree = "<group>"; };
		3167286A24856CA100BDCF44 /* Videoplyer.swift */ = {isa = PBXFileReference; lastKnownFileType = sourcecode.swift; path = Videoplyer.swift; sourceTree = "<group>"; };
		4B0E7C2047C7F76B5B51F05C /* Pods_VideoPlayerTest.framework */ = {isa = PBXFileReference; explicitFileType = wrapper.framework; includeInIndex = 0; path = Pods_VideoPlayerTest.framework; sourceTree = BUILT_PRODUCTS_DIR; };
		B848DD749CA8F52EF6D7DB51 /* Pods-VideoPlayerTest.debug.xcconfig */ = {isa = PBXFileReference; includeInIndex = 1; lastKnownFileType = text.xcconfig; name = "Pods-VideoPlayerTest.debug.xcconfig"; path = "Target Support Files/Pods-VideoPlayerTest/Pods-VideoPlayerTest.debug.xcconfig"; sourceTree = "<group>"; };
		F61C18EB692D109E2CE33E3C /* Pods-VideoPlayerTest.release.xcconfig */ = {isa = PBXFileReference; includeInIndex = 1; lastKnownFileType = text.xcconfig; name = "Pods-VideoPlayerTest.release.xcconfig"; path = "Target Support Files/Pods-VideoPlayerTest/Pods-VideoPlayerTest.release.xcconfig"; sourceTree = "<group>"; };
/* End PBXFileReference section */

/* Begin PBXFrameworksBuildPhase section */
		3167284D24856A8300BDCF44 /* Frameworks */ = {
			isa = PBXFrameworksBuildPhase;
			buildActionMask = 2147483647;
			files = (
				8402D8ABC70686CD118FA5C1 /* Pods_VideoPlayerTest.framework in Frameworks */,
			);
			runOnlyForDeploymentPostprocessing = 0;
		};
/* End PBXFrameworksBuildPhase section */

/* Begin PBXGroup section */
		3167284724856A8300BDCF44 = {
			isa = PBXGroup;
			children = (
				3167285224856A8300BDCF44 /* VideoPlayerTest */,
				3167285124856A8300BDCF44 /* Products */,
				927D875D182B248FDC30DCAA /* Pods */,
				F85084C1429216D32115B9A5 /* Frameworks */,
			);
			sourceTree = "<group>";
		};
		3167285124856A8300BDCF44 /* Products */ = {
			isa = PBXGroup;
			children = (
				3167285024856A8300BDCF44 /* VideoPlayerTest.app */,
			);
			name = Products;
			sourceTree = "<group>";
		};
		3167285224856A8300BDCF44 /* VideoPlayerTest */ = {
			isa = PBXGroup;
			children = (
				3167285324856A8300BDCF44 /* AppDelegate.swift */,
				3167285524856A8300BDCF44 /* SceneDelegate.swift */,
				3167286A24856CA100BDCF44 /* Videoplyer.swift */,
				3167285724856A8300BDCF44 /* ViewController.swift */,
				3167285924856A8300BDCF44 /* Main.storyboard */,
				3167285F24856A8900BDCF44 /* Assets.xcassets */,
				3167286124856A8900BDCF44 /* LaunchScreen.storyboard */,
				3167286424856A8900BDCF44 /* Info.plist */,
				3167285C24856A8300BDCF44 /* VideoPlayerTest.xcdatamodeld */,
			);
			path = VideoPlayerTest;
			sourceTree = "<group>";
		};
		927D875D182B248FDC30DCAA /* Pods */ = {
			isa = PBXGroup;
			children = (
				B848DD749CA8F52EF6D7DB51 /* Pods-VideoPlayerTest.debug.xcconfig */,
				F61C18EB692D109E2CE33E3C /* Pods-VideoPlayerTest.release.xcconfig */,
			);
			path = Pods;
			sourceTree = "<group>";
		};
		F85084C1429216D32115B9A5 /* Frameworks */ = {
			isa = PBXGroup;
			children = (
				4B0E7C2047C7F76B5B51F05C /* Pods_VideoPlayerTest.framework */,
			);
			name = Frameworks;
			sourceTree = "<group>";
		};
/* End PBXGroup section */

/* Begin PBXNativeTarget section */
		3167284F24856A8300BDCF44 /* VideoPlayerTest */ = {
			isa = PBXNativeTarget;
			buildConfigurationList = 3167286724856A8900BDCF44 /* Build configuration list for PBXNativeTarget "VideoPlayerTest" */;
			buildPhases = (
				43879140E514C268E111E61D /* [CP] Check Pods Manifest.lock */,
				3167284C24856A8300BDCF44 /* Sources */,
				3167284D24856A8300BDCF44 /* Frameworks */,
				3167284E24856A8300BDCF44 /* Resources */,
				25D7E765F3F89078BB61F70D /* [CP] Embed Pods Frameworks */,
			);
			buildRules = (
			);
			dependencies = (
			);
			name = VideoPlayerTest;
			productName = VideoPlayerTest;
			productReference = 3167285024856A8300BDCF44 /* VideoPlayerTest.app */;
			productType = "com.apple.product-type.application";
		};
/* End PBXNativeTarget section */

/* Begin PBXProject section */
		3167284824856A8300BDCF44 /* Project object */ = {
			isa = PBXProject;
			attributes = {
				LastSwiftUpdateCheck = 1110;
				LastUpgradeCheck = 1110;
				ORGANIZATIONNAME = Murteza;
				TargetAttributes = {
					3167284F24856A8300BDCF44 = {
						CreatedOnToolsVersion = 11.1;
					};
				};
			};
			buildConfigurationList = 3167284B24856A8300BDCF44 /* Build configuration list for PBXProject "VideoPlayerTest" */;
			compatibilityVersion = "Xcode 9.3";
			developmentRegion = en;
			hasScannedForEncodings = 0;
			knownRegions = (
				en,
				Base,
			);
			mainGroup = 3167284724856A8300BDCF44;
			productRefGroup = 3167285124856A8300BDCF44 /* Products */;
			projectDirPath = "";
			projectRoot = "";
			targets = (
				3167284F24856A8300BDCF44 /* VideoPlayerTest */,
			);
		};
/* End PBXProject section */

/* Begin PBXResourcesBuildPhase section */
		3167284E24856A8300BDCF44 /* Resources */ = {
			isa = PBXResourcesBuildPhase;
			buildActionMask = 2147483647;
			files = (
				3167286324856A8900BDCF44 /* LaunchScreen.storyboard in Resources */,
				3167286024856A8900BDCF44 /* Assets.xcassets in Resources */,
				3167285B24856A8300BDCF44 /* Main.storyboard in Resources */,
			);
			runOnlyForDeploymentPostprocessing = 0;
		};
/* End PBXResourcesBuildPhase section */

/* Begin PBXShellScriptBuildPhase section */
		25D7E765F3F89078BB61F70D /* [CP] Embed Pods Frameworks */ = {
			isa = PBXShellScriptBuildPhase;
			buildActionMask = 2147483647;
			files = (
			);
			inputFileListPaths = (
				"${PODS_ROOT}/Target Support Files/Pods-VideoPlayerTest/Pods-VideoPlayerTest-frameworks-${CONFIGURATION}-input-files.xcfilelist",
			);
			name = "[CP] Embed Pods Frameworks";
			outputFileListPaths = (
				"${PODS_ROOT}/Target Support Files/Pods-VideoPlayerTest/Pods-VideoPlayerTest-frameworks-${CONFIGURATION}-output-files.xcfilelist",
			);
			runOnlyForDeploymentPostprocessing = 0;
			shellPath = /bin/sh;
			shellScript = "\"${PODS_ROOT}/Target Support Files/Pods-VideoPlayerTest/Pods-VideoPlayerTest-frameworks.sh\"\n";
			showEnvVarsInLog = 0;
		};
		43879140E514C268E111E61D /* [CP] Check Pods Manifest.lock */ = {
			isa = PBXShellScriptBuildPhase;
			buildActionMask = 2147483647;
			files = (
			);
			inputFileListPaths = (
			);
			inputPaths = (
				"${PODS_PODFILE_DIR_PATH}/Podfile.lock",
				"${PODS_ROOT}/Manifest.lock",
			);
			name = "[CP] Check Pods Manifest.lock";
			outputFileListPaths = (
			);
			outputPaths = (
				"$(DERIVED_FILE_DIR)/Pods-VideoPlayerTest-checkManifestLockResult.txt",
			);
			runOnlyForDeploymentPostprocessing = 0;
			shellPath = /bin/sh;
			shellScript = "diff \"${PODS_PODFILE_DIR_PATH}/Podfile.lock\" \"${PODS_ROOT}/Manifest.lock\" > /dev/null\nif [ $? != 0 ] ; then\n    # print error to STDERR\n    echo \"error: The sandbox is not in sync with the Podfile.lock. Run 'pod install' or update your CocoaPods installation.\" >&2\n    exit 1\nfi\n# This output is used by Xcode 'outputs' to avoid re-running this script phase.\necho \"SUCCESS\" > \"${SCRIPT_OUTPUT_FILE_0}\"\n";
			showEnvVarsInLog = 0;
		};
/* End PBXShellScriptBuildPhase section */

/* Begin PBXSourcesBuildPhase section */
		3167284C24856A8300BDCF44 /* Sources */ = {
			isa = PBXSourcesBuildPhase;
			buildActionMask = 2147483647;
			files = (
				3167286B24856CA100BDCF44 /* Videoplyer.swift in Sources */,
				3167285E24856A8300BDCF44 /* VideoPlayerTest.xcdatamodeld in Sources */,
				3167285824856A8300BDCF44 /* ViewController.swift in Sources */,
				3167285424856A8300BDCF44 /* AppDelegate.swift in Sources */,
				3167285624856A8300BDCF44 /* SceneDelegate.swift in Sources */,
			);
			runOnlyForDeploymentPostprocessing = 0;
		};
/* End PBXSourcesBuildPhase section */

/* Begin PBXVariantGroup section */
		3167285924856A8300BDCF44 /* Main.storyboard */ = {
			isa = PBXVariantGroup;
			children = (
				3167285A24856A8300BDCF44 /* Base */,
			);
			name = Main.storyboard;
			sourceTree = "<group>";
		};
		3167286124856A8900BDCF44 /* LaunchScreen.storyboard */ = {
			isa = PBXVariantGroup;
			children = (
				3167286224856A8900BDCF44 /* Base */,
			);
			name = LaunchScreen.storyboard;
			sourceTree = "<group>";
		};
/* End PBXVariantGroup section */

/* Begin XCBuildConfiguration section */
		3167286524856A8900BDCF44 /* Debug */ = {
			isa = XCBuildConfiguration;
			buildSettings = {
				ALWAYS_SEARCH_USER_PATHS = NO;
				CLANG_ANALYZER_NONNULL = YES;
				CLANG_ANALYZER_NUMBER_OBJECT_CONVERSION = YES_AGGRESSIVE;
				CLANG_CXX_LANGUAGE_STANDARD = "gnu++14";
				CLANG_CXX_LIBRARY = "libc++";
				CLANG_ENABLE_MODULES = YES;
				CLANG_ENABLE_OBJC_ARC = YES;
				CLANG_ENABLE_OBJC_WEAK = YES;
				CLANG_WARN_BLOCK_CAPTURE_AUTORELEASING = YES;
				CLANG_WARN_BOOL_CONVERSION = YES;
				CLANG_WARN_COMMA = YES;
				CLANG_WARN_CONSTANT_CONVERSION = YES;
				CLANG_WARN_DEPRECATED_OBJC_IMPLEMENTATIONS = YES;
				CLANG_WARN_DIRECT_OBJC_ISA_USAGE = YES_ERROR;
				CLANG_WARN_DOCUMENTATION_COMMENTS = YES;
				CLANG_WARN_EMPTY_BODY = YES;
				CLANG_WARN_ENUM_CONVERSION = YES;
				CLANG_WARN_INFINITE_RECURSION = YES;
				CLANG_WARN_INT_CONVERSION = YES;
				CLANG_WARN_NON_LITERAL_NULL_CONVERSION = YES;
				CLANG_WARN_OBJC_IMPLICIT_RETAIN_SELF = YES;
				CLANG_WARN_OBJC_LITERAL_CONVERSION = YES;
				CLANG_WARN_OBJC_ROOT_CLASS = YES_ERROR;
				CLANG_WARN_RANGE_LOOP_ANALYSIS = YES;
				CLANG_WARN_STRICT_PROTOTYPES = YES;
				CLANG_WARN_SUSPICIOUS_MOVE = YES;
				CLANG_WARN_UNGUARDED_AVAILABILITY = YES_AGGRESSIVE;
				CLANG_WARN_UNREACHABLE_CODE = YES;
				CLANG_WARN__DUPLICATE_METHOD_MATCH = YES;
				COPY_PHASE_STRIP = NO;
				DEBUG_INFORMATION_FORMAT = dwarf;
				ENABLE_STRICT_OBJC_MSGSEND = YES;
				ENABLE_TESTABILITY = YES;
				GCC_C_LANGUAGE_STANDARD = gnu11;
				GCC_DYNAMIC_NO_PIC = NO;
				GCC_NO_COMMON_BLOCKS = YES;
				GCC_OPTIMIZATION_LEVEL = 0;
				GCC_PREPROCESSOR_DEFINITIONS = (
					"DEBUG=1",
					"$(inherited)",
				);
				GCC_WARN_64_TO_32_BIT_CONVERSION = YES;
				GCC_WARN_ABOUT_RETURN_TYPE = YES_ERROR;
				GCC_WARN_UNDECLARED_SELECTOR = YES;
				GCC_WARN_UNINITIALIZED_AUTOS = YES_AGGRESSIVE;
				GCC_WARN_UNUSED_FUNCTION = YES;
				GCC_WARN_UNUSED_VARIABLE = YES;
				IPHONEOS_DEPLOYMENT_TARGET = 13.1;
				MTL_ENABLE_DEBUG_INFO = INCLUDE_SOURCE;
				MTL_FAST_MATH = YES;
				ONLY_ACTIVE_ARCH = YES;
				SDKROOT = iphoneos;
				SWIFT_ACTIVE_COMPILATION_CONDITIONS = DEBUG;
				SWIFT_OPTIMIZATION_LEVEL = "-Onone";
			};
			name = Debug;
		};
		3167286624856A8900BDCF44 /* Release */ = {
			isa = XCBuildConfiguration;
			buildSettings = {
				ALWAYS_SEARCH_USER_PATHS = NO;
				CLANG_ANALYZER_NONNULL = YES;
				CLANG_ANALYZER_NUMBER_OBJECT_CONVERSION = YES_AGGRESSIVE;
				CLANG_CXX_LANGUAGE_STANDARD = "gnu++14";
				CLANG_CXX_LIBRARY = "libc++";
				CLANG_ENABLE_MODULES = YES;
				CLANG_ENABLE_OBJC_ARC = YES;
				CLANG_ENABLE_OBJC_WEAK = YES;
				CLANG_WARN_BLOCK_CAPTURE_AUTORELEASING = YES;
				CLANG_WARN_BOOL_CONVERSION = YES;
				CLANG_WARN_COMMA = YES;
				CLANG_WARN_CONSTANT_CONVERSION = YES;
				CLANG_WARN_DEPRECATED_OBJC_IMPLEMENTATIONS = YES;
				CLANG_WARN_DIRECT_OBJC_ISA_USAGE = YES_ERROR;
				CLANG_WARN_DOCUMENTATION_COMMENTS = YES;
				CLANG_WARN_EMPTY_BODY = YES;
				CLANG_WARN_ENUM_CONVERSION = YES;
				CLANG_WARN_INFINITE_RECURSION = YES;
				CLANG_WARN_INT_CONVERSION = YES;
				CLANG_WARN_NON_LITERAL_NULL_CONVERSION = YES;
				CLANG_WARN_OBJC_IMPLICIT_RETAIN_SELF = YES;
				CLANG_WARN_OBJC_LITERAL_CONVERSION = YES;
				CLANG_WARN_OBJC_ROOT_CLASS = YES_ERROR;
				CLANG_WARN_RANGE_LOOP_ANALYSIS = YES;
				CLANG_WARN_STRICT_PROTOTYPES = YES;
				CLANG_WARN_SUSPICIOUS_MOVE = YES;
				CLANG_WARN_UNGUARDED_AVAILABILITY = YES_AGGRESSIVE;
				CLANG_WARN_UNREACHABLE_CODE = YES;
				CLANG_WARN__DUPLICATE_METHOD_MATCH = YES;
				COPY_PHASE_STRIP = NO;
				DEBUG_INFORMATION_FORMAT = "dwarf-with-dsym";
				ENABLE_NS_ASSERTIONS = NO;
				ENABLE_STRICT_OBJC_MSGSEND = YES;
				GCC_C_LANGUAGE_STANDARD = gnu11;
				GCC_NO_COMMON_BLOCKS = YES;
				GCC_WARN_64_TO_32_BIT_CONVERSION = YES;
				GCC_WARN_ABOUT_RETURN_TYPE = YES_ERROR;
				GCC_WARN_UNDECLARED_SELECTOR = YES;
				GCC_WARN_UNINITIALIZED_AUTOS = YES_AGGRESSIVE;
				GCC_WARN_UNUSED_FUNCTION = YES;
				GCC_WARN_UNUSED_VARIABLE = YES;
				IPHONEOS_DEPLOYMENT_TARGET = 13.1;
				MTL_ENABLE_DEBUG_INFO = NO;
				MTL_FAST_MATH = YES;
				SDKROOT = iphoneos;
				SWIFT_COMPILATION_MODE = wholemodule;
				SWIFT_OPTIMIZATION_LEVEL = "-O";
				VALIDATE_PRODUCT = YES;
			};
			name = Release;
		};
		3167286824856A8900BDCF44 /* Debug */ = {
			isa = XCBuildConfiguration;
			baseConfigurationReference = B848DD749CA8F52EF6D7DB51 /* Pods-VideoPlayerTest.debug.xcconfig */;
			buildSettings = {
				ASSETCATALOG_COMPILER_APPICON_NAME = AppIcon;
				CODE_SIGN_STYLE = Automatic;
				INFOPLIST_FILE = VideoPlayerTest/Info.plist;
				LD_RUNPATH_SEARCH_PATHS = (
					"$(inherited)",
					"@executable_path/Frameworks",
				);
				PRODUCT_BUNDLE_IDENTIFIER = com.Mtech.bue.VideoPlayerTest;
				PRODUCT_NAME = "$(TARGET_NAME)";
				SWIFT_VERSION = 5.0;
				TARGETED_DEVICE_FAMILY = "1,2";
			};
			name = Debug;
		};
		3167286924856A8900BDCF44 /* Release */ = {
			isa = XCBuildConfiguration;
			baseConfigurationReference = F61C18EB692D109E2CE33E3C /* Pods-VideoPlayerTest.release.xcconfig */;
			buildSettings = {
				ASSETCATALOG_COMPILER_APPICON_NAME = AppIcon;
				CODE_SIGN_STYLE = Automatic;
				INFOPLIST_FILE = VideoPlayerTest/Info.plist;
				LD_RUNPATH_SEARCH_PATHS = (
					"$(inherited)",
					"@executable_path/Frameworks",
				);
				PRODUCT_BUNDLE_IDENTIFIER = com.Mtech.bue.VideoPlayerTest;
				PRODUCT_NAME = "$(TARGET_NAME)";
				SWIFT_VERSION = 5.0;
				TARGETED_DEVICE_FAMILY = "1,2";
			};
			name = Release;
		};
/* End XCBuildConfiguration section */

/* Begin XCConfigurationList section */
		3167284B24856A8300BDCF44 /* Build configuration list for PBXProject "VideoPlayerTest" */ = {
			isa = XCConfigurationList;
			buildConfigurations = (
				3167286524856A8900BDCF44 /* Debug */,
				3167286624856A8900BDCF44 /* Release */,
			);
			defaultConfigurationIsVisible = 0;
			defaultConfigurationName = Release;
		};
		3167286724856A8900BDCF44 /* Build configuration list for PBXNativeTarget "VideoPlayerTest" */ = {
			isa = XCConfigurationList;
			buildConfigurations = (
				3167286824856A8900BDCF44 /* Debug */,
				3167286924856A8900BDCF44 /* Release */,
			);
			defaultConfigurationIsVisible = 0;
			defaultConfigurationName = Release;
		};
/* End XCConfigurationList section */

/* Begin XCVersionGroup section */
		3167285C24856A8300BDCF44 /* VideoPlayerTest.xcdatamodeld */ = {
			isa = XCVersionGroup;
			children = (
				3167285D24856A8300BDCF44 /* VideoPlayerTest.xcdatamodel */,
			);
			currentVersion = 3167285D24856A8300BDCF44 /* VideoPlayerTest.xcdatamodel */;
			path = VideoPlayerTest.xcdatamodeld;
			sourceTree = "<group>";
			versionGroupType = wrapper.xcdatamodel;
		};
/* End XCVersionGroup section */
	};
	rootObject = 3167284824856A8300BDCF44 /* Project object */;
}
